lockfileVersion: '9.0'

settings:
  autoInstallPeers: true
  excludeLinksFromLockfile: false

importers:

  .:
    dependencies:
      hono:
        specifier: ^4.11.4
        version: 4.11.4
    devDependencies:
      '@types/bun':
        specifier: latest
        version: 1.3.6

packages:

  '@types/bun@1.3.6':
    resolution: {integrity: sha512-uWCv6FO/8LcpREhenN1d1b6fcspAB+cefwD7uti8C8VffIv0Um08TKMn98FynpTiU38+y2dUO55T11NgDt8VAA==}

  '@types/node@25.0.8':
    resolution: {integrity: sha512-powIePYMmC3ibL0UJ2i2s0WIbq6cg6UyVFQxSCpaPxxzAaziRfimGivjdF943sSGV6RADVbk0Nvlm5P/FB44Zg==}

  bun-types@1.3.6:
    resolution: {integrity: sha512-OlFwHcnNV99r//9v5IIOgQ9Uk37gZqrNMCcqEaExdkVq3Avwqok1bJFmvGMCkCE0FqzdY8VMOZpfpR3lwI+CsQ==}

  hono@4.11.4:
    resolution: {integrity: sha512-U7tt8JsyrxSRKspfhtLET79pU8K+tInj5QZXs1jSugO1Vq5dFj3kmZsRldo29mTBfcjDRVRXrEZ6LS63Cog9ZA==}
    engines: {node: '>=16.9.0'}

  undici-types@7.16.0:
    resolution: {integrity: sha512-Zz+aZWSj8LE6zoxD+xrjh4VfkIG8Ya6LvYkZqtUQGJPZjYl53ypCaUwWqo7eI0x66KBGeRo+mlBEkMSeSZ38Nw==}

snapshots:

  '@types/bun@1.3.6':
    dependencies:
      bun-types: 1.3.6

  '@types/node@25.0.8':
    dependencies:
      undici-types: 7.16.0

  bun-types@1.3.6:
    dependencies:
      '@types/node': 25.0.8

  hono@4.11.4: {}

  undici-types@7.16.0: {}
